
Microsoft Visual Studio Solution File, Format Version 12.00
# Visual Studio Version 17
VisualStudioVersion = 17.1.32228.430
MinimumVisualStudioVersion = 10.0.40219.1
Project("{8BC9CEB8-8B4A-11D0-8D11-00A0C91BC942}") = "RaytracingASCuda", "RaytracingASCuda\RaytracingASCuda.vcxproj", "{CAAC7DC0-8149-41E0-9C34-B1AA279E1F91}"
EndProject
Global
	GlobalSection(SolutionConfigurationPlatforms) = preSolution
		Debug|x64 = Debug|x64
		Debug|x86 = Debug|x86
		Release|x64 = Release|x64
		Release|x86 = Release|x86
	EndGlobalSection
	GlobalSection(ProjectConfigurationPlatforms) = postSolution
		{CAAC7DC0-8149-41E0-9C34-B1AA279E1F91}.Debug|x64.ActiveCfg = Debug|x64
		{CAAC7DC0-8149-41E0-9C34-B1AA279E1F91}.Debug|x64.Build.0 = Debug|x64
		{CAAC7DC0-8149-41E0-9C34-B1AA279E1F91}.Debug|x86.ActiveCfg = Debug|Win32
		{CAAC7DC0-8149-41E0-9C34-B1AA279E1F91}.Debug|x86.Build.0 = Debug|Win32
		{CAAC7DC0-8149-41E0-9C34-B1AA279E1F91}.Release|x64.ActiveCfg = Release|x64
		{CAAC7DC0-8149-41E0-9C34-B1AA279E1F91}.Release|x64.Build.0 = Release|x64
		{CAAC7DC0-8149-41E0-9C34-B1AA279E1F91}.Release|x86.ActiveCfg = Release|Win32
		{CAAC7DC0-8149-41E0-9C34-B1AA279E1F91}.Release|x86.Build.0 = Release|Win32
	EndGlobalSection
	GlobalSection(SolutionProperties) = preSolution
		HideSolutionNode = FALSE
	EndGlobalSection
	GlobalSection(ExtensibilityGlobals) = postSolution
		SolutionGuid = {C8491633-0F0D-4702-8653-CD0AAD0943C8}
	EndGlobalSection
EndGlobal
